
Microsoft Visual Studio Solution File, Format Version 12.00
# Visual Studio Version 16
VisualStudioVersion = 16.0.32802.440
MinimumVisualStudioVersion = 10.0.40219.1
Project("{FAE04EC0-301F-11D3-BF4B-00C04F79EFBC}") = "Examen-Modulo-CSharp", "Examen-Modulo-CSharp\Examen-Modulo-CSharp.csproj", "{9AC2EF7D-D356-46AF-9A32-842C3AE6F86B}"
EndProject
Global
	GlobalSection(SolutionConfigurationPlatforms) = preSolution
		Debug|Any CPU = Debug|Any CPU
		Release|Any CPU = Release|Any CPU
	EndGlobalSection
	GlobalSection(ProjectConfigurationPlatforms) = postSolution
		{9AC2EF7D-D356-46AF-9A32-842C3AE6F86B}.Debug|Any CPU.ActiveCfg = Debug|Any CPU
		{9AC2EF7D-D356-46AF-9A32-842C3AE6F86B}.Debug|Any CPU.Build.0 = Debug|Any CPU
		{9AC2EF7D-D356-46AF-9A32-842C3AE6F86B}.Release|Any CPU.ActiveCfg = Release|Any CPU
		{9AC2EF7D-D356-46AF-9A32-842C3AE6F86B}.Release|Any CPU.Build.0 = Release|Any CPU
	EndGlobalSection
	GlobalSection(SolutionProperties) = preSolution
		HideSolutionNode = FALSE
	EndGlobalSection
	GlobalSection(ExtensibilityGlobals) = postSolution
		SolutionGuid = {6E1951D2-A47F-435B-86DF-7700BC31782F}
	EndGlobalSection
EndGlobal
